
Microsoft Visual Studio Solution File, Format Version 12.00
# Visual Studio Version 17
VisualStudioVersion = 17.6.33829.357
MinimumVisualStudioVersion = 10.0.40219.1
Project("{FAE04EC0-301F-11D3-BF4B-00C04F79EFBC}") = "EbacTest", "EbacTest\EbacTest.csproj", "{4D18B58F-7D11-4B27-AD63-EF381B0D760F}"
EndProject
Global
	GlobalSection(SolutionConfigurationPlatforms) = preSolution
		Debug|Any CPU = Debug|Any CPU
		Release|Any CPU = Release|Any CPU
	EndGlobalSection
	GlobalSection(ProjectConfigurationPlatforms) = postSolution
		{4D18B58F-7D11-4B27-AD63-EF381B0D760F}.Debug|Any CPU.ActiveCfg = Debug|Any CPU
		{4D18B58F-7D11-4B27-AD63-EF381B0D760F}.Debug|Any CPU.Build.0 = Debug|Any CPU
		{4D18B58F-7D11-4B27-AD63-EF381B0D760F}.Release|Any CPU.ActiveCfg = Release|Any CPU
		{4D18B58F-7D11-4B27-AD63-EF381B0D760F}.Release|Any CPU.Build.0 = Release|Any CPU
	EndGlobalSection
	GlobalSection(SolutionProperties) = preSolution
		HideSolutionNode = FALSE
	EndGlobalSection
	GlobalSection(ExtensibilityGlobals) = postSolution
		SolutionGuid = {A5482B95-0BF2-4FF6-B082-762EEC0B98CD}
	EndGlobalSection
EndGlobal
